
Microsoft Visual Studio Solution File, Format Version 12.00
# Visual Studio Version 17
VisualStudioVersion = 17.4.33213.308
MinimumVisualStudioVersion = 10.0.40219.1
Project("{FAE04EC0-301F-11D3-BF4B-00C04F79EFBC}") = "Homework8-9", "Homework8-9\Homework8-9.csproj", "{D5EA8EDB-EBBC-4BAD-9341-C6BBB0C82CC6}"
EndProject
Global
	GlobalSection(SolutionConfigurationPlatforms) = preSolution
		Debug|Any CPU = Debug|Any CPU
		Release|Any CPU = Release|Any CPU
	EndGlobalSection
	GlobalSection(ProjectConfigurationPlatforms) = postSolution
		{D5EA8EDB-EBBC-4BAD-9341-C6BBB0C82CC6}.Debug|Any CPU.ActiveCfg = Debug|Any CPU
		{D5EA8EDB-EBBC-4BAD-9341-C6BBB0C82CC6}.Debug|Any CPU.Build.0 = Debug|Any CPU
		{D5EA8EDB-EBBC-4BAD-9341-C6BBB0C82CC6}.Release|Any CPU.ActiveCfg = Release|Any CPU
		{D5EA8EDB-EBBC-4BAD-9341-C6BBB0C82CC6}.Release|Any CPU.Build.0 = Release|Any CPU
	EndGlobalSection
	GlobalSection(SolutionProperties) = preSolution
		HideSolutionNode = FALSE
	EndGlobalSection
	GlobalSection(ExtensibilityGlobals) = postSolution
		SolutionGuid = {6A06800E-9BF1-49CD-B3B3-81A380F629E8}
	EndGlobalSection
EndGlobal
